
Microsoft Visual Studio Solution File, Format Version 12.00
# Visual Studio Version 17
VisualStudioVersion = 17.1.32228.430
MinimumVisualStudioVersion = 10.0.40219.1
Project("{FAE04EC0-301F-11D3-BF4B-00C04F79EFBC}") = "exo 2.4", "exo 2.4\exo 2.4.csproj", "{246C181B-E1B5-446B-B410-07D013E727C6}"
EndProject
Global
	GlobalSection(SolutionConfigurationPlatforms) = preSolution
		Debug|Any CPU = Debug|Any CPU
		Release|Any CPU = Release|Any CPU
	EndGlobalSection
	GlobalSection(ProjectConfigurationPlatforms) = postSolution
		{246C181B-E1B5-446B-B410-07D013E727C6}.Debug|Any CPU.ActiveCfg = Debug|Any CPU
		{246C181B-E1B5-446B-B410-07D013E727C6}.Debug|Any CPU.Build.0 = Debug|Any CPU
		{246C181B-E1B5-446B-B410-07D013E727C6}.Release|Any CPU.ActiveCfg = Release|Any CPU
		{246C181B-E1B5-446B-B410-07D013E727C6}.Release|Any CPU.Build.0 = Release|Any CPU
	EndGlobalSection
	GlobalSection(SolutionProperties) = preSolution
		HideSolutionNode = FALSE
	EndGlobalSection
	GlobalSection(ExtensibilityGlobals) = postSolution
		SolutionGuid = {EE24B3A8-A7BE-4607-8610-E0AE3E166700}
	EndGlobalSection
EndGlobal
