
Microsoft Visual Studio Solution File, Format Version 12.00
# Visual Studio Version 17
VisualStudioVersion = 17.2.32602.215
MinimumVisualStudioVersion = 10.0.40219.1
Project("{FAE04EC0-301F-11D3-BF4B-00C04F79EFBC}") = "Compte_bancaire", "Compte_bancaire.csproj", "{869C2B1C-6D26-4CBA-BEBF-C56444539638}"
EndProject
Global
	GlobalSection(SolutionConfigurationPlatforms) = preSolution
		Debug|Any CPU = Debug|Any CPU
		Release|Any CPU = Release|Any CPU
	EndGlobalSection
	GlobalSection(ProjectConfigurationPlatforms) = postSolution
		{869C2B1C-6D26-4CBA-BEBF-C56444539638}.Debug|Any CPU.ActiveCfg = Debug|Any CPU
		{869C2B1C-6D26-4CBA-BEBF-C56444539638}.Debug|Any CPU.Build.0 = Debug|Any CPU
		{869C2B1C-6D26-4CBA-BEBF-C56444539638}.Release|Any CPU.ActiveCfg = Release|Any CPU
		{869C2B1C-6D26-4CBA-BEBF-C56444539638}.Release|Any CPU.Build.0 = Release|Any CPU
	EndGlobalSection
	GlobalSection(SolutionProperties) = preSolution
		HideSolutionNode = FALSE
	EndGlobalSection
	GlobalSection(ExtensibilityGlobals) = postSolution
		SolutionGuid = {FC3BEF06-9E5F-4284-A29A-E11F6B83F0CB}
	EndGlobalSection
EndGlobal
